
Microsoft Visual Studio Solution File, Format Version 12.00
# Visual Studio 2013
VisualStudioVersion = 12.0.40629.0
MinimumVisualStudioVersion = 10.0.40219.1
Project("{FAE04EC0-301F-11D3-BF4B-00C04F79EFBC}") = "Trinity", "..\Trinity\Trinity.csproj", "{0D10D2AD-CA61-46E3-88C8-0AB8318647BA}"
EndProject
Project("{FAE04EC0-301F-11D3-BF4B-00C04F79EFBC}") = "Trinity.Tests", "..\Trinity.Tests\Trinity.Tests.csproj", "{5E1FCE3C-9436-44F8-8DB6-18F6282DE70C}"
	ProjectSection(ProjectDependencies) = postProject
		{FDDBA220-DB73-4FC9-B95F-D69593C89EBD} = {FDDBA220-DB73-4FC9-B95F-D69593C89EBD}
		{55D0E154-DE17-40E3-B434-A3A0D9BA17DF} = {55D0E154-DE17-40E3-B434-A3A0D9BA17DF}
		{146FE869-CCA9-4B39-8FBE-58FD6515AFF9} = {146FE869-CCA9-4B39-8FBE-58FD6515AFF9}
	EndProjectSection
EndProject
Project("{FAE04EC0-301F-11D3-BF4B-00C04F79EFBC}") = "Trinity.OntologyGenerator", "..\Trinity.OntologyGenerator\Trinity.OntologyGenerator.csproj", "{55D0E154-DE17-40E3-B434-A3A0D9BA17DF}"
EndProject
Project("{FAE04EC0-301F-11D3-BF4B-00C04F79EFBC}") = "Trinity.OntologyDeployment", "..\Trinity.OntologyDeployment\Trinity.OntologyDeployment.csproj", "{FDDBA220-DB73-4FC9-B95F-D69593C89EBD}"
EndProject
Project("{FAE04EC0-301F-11D3-BF4B-00C04F79EFBC}") = "Trinity.CilGenerator", "..\Trinity.CilGenerator\Trinity.CilGenerator.csproj", "{146FE869-CCA9-4B39-8FBE-58FD6515AFF9}"
EndProject
Global
	GlobalSection(SolutionConfigurationPlatforms) = preSolution
		Debug|Any CPU = Debug|Any CPU
		Release|Any CPU = Release|Any CPU
	EndGlobalSection
	GlobalSection(ProjectConfigurationPlatforms) = postSolution
		{0D10D2AD-CA61-46E3-88C8-0AB8318647BA}.Debug|Any CPU.ActiveCfg = Debug|Any CPU
		{0D10D2AD-CA61-46E3-88C8-0AB8318647BA}.Debug|Any CPU.Build.0 = Debug|Any CPU
		{0D10D2AD-CA61-46E3-88C8-0AB8318647BA}.Release|Any CPU.ActiveCfg = Release|Any CPU
		{0D10D2AD-CA61-46E3-88C8-0AB8318647BA}.Release|Any CPU.Build.0 = Release|Any CPU
		{5E1FCE3C-9436-44F8-8DB6-18F6282DE70C}.Debug|Any CPU.ActiveCfg = Debug|x86
		{5E1FCE3C-9436-44F8-8DB6-18F6282DE70C}.Debug|Any CPU.Build.0 = Debug|x86
		{5E1FCE3C-9436-44F8-8DB6-18F6282DE70C}.Release|Any CPU.ActiveCfg = Release|x86
		{5E1FCE3C-9436-44F8-8DB6-18F6282DE70C}.Release|Any CPU.Build.0 = Release|x86
		{55D0E154-DE17-40E3-B434-A3A0D9BA17DF}.Debug|Any CPU.ActiveCfg = Debug|Any CPU
		{55D0E154-DE17-40E3-B434-A3A0D9BA17DF}.Debug|Any CPU.Build.0 = Debug|Any CPU
		{55D0E154-DE17-40E3-B434-A3A0D9BA17DF}.Release|Any CPU.ActiveCfg = Release|Any CPU
		{55D0E154-DE17-40E3-B434-A3A0D9BA17DF}.Release|Any CPU.Build.0 = Release|Any CPU
		{FDDBA220-DB73-4FC9-B95F-D69593C89EBD}.Debug|Any CPU.ActiveCfg = Debug|Any CPU
		{FDDBA220-DB73-4FC9-B95F-D69593C89EBD}.Debug|Any CPU.Build.0 = Debug|Any CPU
		{FDDBA220-DB73-4FC9-B95F-D69593C89EBD}.Release|Any CPU.ActiveCfg = Release|Any CPU
		{FDDBA220-DB73-4FC9-B95F-D69593C89EBD}.Release|Any CPU.Build.0 = Release|Any CPU
		{146FE869-CCA9-4B39-8FBE-58FD6515AFF9}.Debug|Any CPU.ActiveCfg = Debug|Any CPU
		{146FE869-CCA9-4B39-8FBE-58FD6515AFF9}.Debug|Any CPU.Build.0 = Debug|Any CPU
		{146FE869-CCA9-4B39-8FBE-58FD6515AFF9}.Release|Any CPU.ActiveCfg = Release|Any CPU
		{146FE869-CCA9-4B39-8FBE-58FD6515AFF9}.Release|Any CPU.Build.0 = Release|Any CPU
	EndGlobalSection
	GlobalSection(SolutionProperties) = preSolution
		HideSolutionNode = FALSE
	EndGlobalSection
EndGlobal
